
Microsoft Visual Studio Solution File, Format Version 12.00
# Visual Studio Version 17
VisualStudioVersion = 17.6.33829.357
MinimumVisualStudioVersion = 10.0.40219.1
Project("{FAE04EC0-301F-11D3-BF4B-00C04F79EFBC}") = "pds_atv", "pds_atv\pds_atv.csproj", "{ACC5F1F5-830C-4378-A327-5613D82854E0}"
EndProject
Global
	GlobalSection(SolutionConfigurationPlatforms) = preSolution
		Debug|Any CPU = Debug|Any CPU
		Release|Any CPU = Release|Any CPU
	EndGlobalSection
	GlobalSection(ProjectConfigurationPlatforms) = postSolution
		{ACC5F1F5-830C-4378-A327-5613D82854E0}.Debug|Any CPU.ActiveCfg = Debug|Any CPU
		{ACC5F1F5-830C-4378-A327-5613D82854E0}.Debug|Any CPU.Build.0 = Debug|Any CPU
		{ACC5F1F5-830C-4378-A327-5613D82854E0}.Release|Any CPU.ActiveCfg = Release|Any CPU
		{ACC5F1F5-830C-4378-A327-5613D82854E0}.Release|Any CPU.Build.0 = Release|Any CPU
	EndGlobalSection
	GlobalSection(SolutionProperties) = preSolution
		HideSolutionNode = FALSE
	EndGlobalSection
	GlobalSection(ExtensibilityGlobals) = postSolution
		SolutionGuid = {F3883D13-6E40-467D-AD0E-D2A03B7B9E2A}
	EndGlobalSection
EndGlobal
